
Microsoft Visual Studio Solution File, Format Version 11.00
# Visual Studio 2010
Project("{FAE04EC0-301F-11D3-BF4B-00C04F79EFBC}") = "RealControl", "Assembly-CSharp.csproj", "{4A13D194-0E08-BC11-6F80-E5772DEB2E45}"
EndProject
Project("{FAE04EC0-301F-11D3-BF4B-00C04F79EFBC}") = "RealControl", "Assembly-CSharp-Editor.csproj", "{49A20589-4EA1-45E3-53A7-0658AAB0D4B1}"
EndProject
Global
	GlobalSection(SolutionConfigurationPlatforms) = preSolution
		Debug|Any CPU = Debug|Any CPU
		Release|Any CPU = Release|Any CPU
	EndGlobalSection
	GlobalSection(ProjectConfigurationPlatforms) = postSolution
		{4A13D194-0E08-BC11-6F80-E5772DEB2E45}.Debug|Any CPU.ActiveCfg = Debug|Any CPU
		{4A13D194-0E08-BC11-6F80-E5772DEB2E45}.Debug|Any CPU.Build.0 = Debug|Any CPU
		{4A13D194-0E08-BC11-6F80-E5772DEB2E45}.Release|Any CPU.ActiveCfg = Release|Any CPU
		{4A13D194-0E08-BC11-6F80-E5772DEB2E45}.Release|Any CPU.Build.0 = Release|Any CPU
		{49A20589-4EA1-45E3-53A7-0658AAB0D4B1}.Debug|Any CPU.ActiveCfg = Debug|Any CPU
		{49A20589-4EA1-45E3-53A7-0658AAB0D4B1}.Debug|Any CPU.Build.0 = Debug|Any CPU
		{49A20589-4EA1-45E3-53A7-0658AAB0D4B1}.Release|Any CPU.ActiveCfg = Release|Any CPU
		{49A20589-4EA1-45E3-53A7-0658AAB0D4B1}.Release|Any CPU.Build.0 = Release|Any CPU
	EndGlobalSection
	GlobalSection(SolutionProperties) = preSolution
		HideSolutionNode = FALSE
	EndGlobalSection
	GlobalSection(MonoDevelopProperties) = preSolution
		StartupItem = Assembly-CSharp.csproj
	EndGlobalSection
EndGlobal
